
Microsoft Visual Studio Solution File, Format Version 12.00
# Visual Studio Version 17
VisualStudioVersion = 17.7.34302.85
MinimumVisualStudioVersion = 10.0.40219.1
Project("{FAE04EC0-301F-11D3-BF4B-00C04F79EFBC}") = "HttpExample", "HttpExample\HttpExample.csproj", "{9ABF86C9-1628-4A9C-B81A-FA1D3D64DEF5}"
EndProject
Global
	GlobalSection(SolutionConfigurationPlatforms) = preSolution
		Debug|Any CPU = Debug|Any CPU
		Release|Any CPU = Release|Any CPU
	EndGlobalSection
	GlobalSection(ProjectConfigurationPlatforms) = postSolution
		{9ABF86C9-1628-4A9C-B81A-FA1D3D64DEF5}.Debug|Any CPU.ActiveCfg = Debug|Any CPU
		{9ABF86C9-1628-4A9C-B81A-FA1D3D64DEF5}.Debug|Any CPU.Build.0 = Debug|Any CPU
		{9ABF86C9-1628-4A9C-B81A-FA1D3D64DEF5}.Release|Any CPU.ActiveCfg = Release|Any CPU
		{9ABF86C9-1628-4A9C-B81A-FA1D3D64DEF5}.Release|Any CPU.Build.0 = Release|Any CPU
	EndGlobalSection
	GlobalSection(SolutionProperties) = preSolution
		HideSolutionNode = FALSE
	EndGlobalSection
	GlobalSection(ExtensibilityGlobals) = postSolution
		SolutionGuid = {AC755CF3-DA89-4981-A64F-207D5465678C}
	EndGlobalSection
EndGlobal
