
Microsoft Visual Studio Solution File, Format Version 12.00
# Visual Studio Version 16
VisualStudioVersion = 16.0.808.0
MinimumVisualStudioVersion = 10.0.40219.1
Project("{FAE04EC0-301F-11D3-BF4B-00C04F79EFBC}") = "RedisCache", "RedisCache\RedisCache.csproj", "{13D6534A-118B-45BE-9ED5-037D710A6705}"
EndProject
Global
	GlobalSection(SolutionConfigurationPlatforms) = preSolution
		Debug|Any CPU = Debug|Any CPU
		Release|Any CPU = Release|Any CPU
	EndGlobalSection
	GlobalSection(ProjectConfigurationPlatforms) = postSolution
		{13D6534A-118B-45BE-9ED5-037D710A6705}.Debug|Any CPU.ActiveCfg = Debug|Any CPU
		{13D6534A-118B-45BE-9ED5-037D710A6705}.Debug|Any CPU.Build.0 = Debug|Any CPU
		{13D6534A-118B-45BE-9ED5-037D710A6705}.Release|Any CPU.ActiveCfg = Release|Any CPU
		{13D6534A-118B-45BE-9ED5-037D710A6705}.Release|Any CPU.Build.0 = Release|Any CPU
	EndGlobalSection
	GlobalSection(SolutionProperties) = preSolution
		HideSolutionNode = FALSE
	EndGlobalSection
	GlobalSection(ExtensibilityGlobals) = postSolution
		SolutionGuid = {E2EA51C4-95A2-44B8-B696-3BC453838D26}
	EndGlobalSection
EndGlobal
