
Microsoft Visual Studio Solution File, Format Version 12.00
# Visual Studio Version 16
VisualStudioVersion = 16.0.33328.57
MinimumVisualStudioVersion = 10.0.40219.1
Project("{9A19103F-16F7-4668-BE54-9A1E7A4F7556}") = "ContosoCrafts", "ContosoCrafts\ContosoCrafts.csproj", "{47DF82D3-1D75-4EF8-8BFE-EF0CBBE6985E}"
EndProject
Global
	GlobalSection(SolutionConfigurationPlatforms) = preSolution
		Debug|Any CPU = Debug|Any CPU
		Release|Any CPU = Release|Any CPU
	EndGlobalSection
	GlobalSection(ProjectConfigurationPlatforms) = postSolution
		{47DF82D3-1D75-4EF8-8BFE-EF0CBBE6985E}.Debug|Any CPU.ActiveCfg = Debug|Any CPU
		{47DF82D3-1D75-4EF8-8BFE-EF0CBBE6985E}.Debug|Any CPU.Build.0 = Debug|Any CPU
		{47DF82D3-1D75-4EF8-8BFE-EF0CBBE6985E}.Release|Any CPU.ActiveCfg = Release|Any CPU
		{47DF82D3-1D75-4EF8-8BFE-EF0CBBE6985E}.Release|Any CPU.Build.0 = Release|Any CPU
	EndGlobalSection
	GlobalSection(SolutionProperties) = preSolution
		HideSolutionNode = FALSE
	EndGlobalSection
	GlobalSection(ExtensibilityGlobals) = postSolution
		SolutionGuid = {81D70A88-0C8D-4FDF-A9D4-98878C2C9FB3}
	EndGlobalSection
EndGlobal
